// !$*UTF8*$!
{
	archiveVersion = 1;
	classes = {
	};
	objectVersion = 56;
	objects = {

/* Begin PBXBuildFile section */
		062F5C932B7522B600B00720 /* Gradients.swift in Sources */ = {isa = PBXBuildFile; fileRef = 062F5C922B7522B600B00720 /* Gradients.swift */; };
		062F5C952B76272A00B00720 /* Icons.swift in Sources */ = {isa = PBXBuildFile; fileRef = 062F5C942B76272A00B00720 /* Icons.swift */; };
		062F5C972B76518300B00720 /* image.swift in Sources */ = {isa = PBXBuildFile; fileRef = 062F5C962B76518300B00720 /* image.swift */; };
		062F5C992B76709200B00720 /* Frame.swift in Sources */ = {isa = PBXBuildFile; fileRef = 062F5C982B76709200B00720 /* Frame.swift */; };
		062F5C9B2B78E65800B00720 /* BackgroundAndOverlay.swift in Sources */ = {isa = PBXBuildFile; fileRef = 062F5C9A2B78E65800B00720 /* BackgroundAndOverlay.swift */; };
		062F5C9D2B82116E00B00720 /* Stacks.swift in Sources */ = {isa = PBXBuildFile; fileRef = 062F5C9C2B82116E00B00720 /* Stacks.swift */; };
		062F5C9F2B83AB7300B00720 /* Padding.swift in Sources */ = {isa = PBXBuildFile; fileRef = 062F5C9E2B83AB7200B00720 /* Padding.swift */; };
		062F5CA12B83BF7700B00720 /* SpacerUI.swift in Sources */ = {isa = PBXBuildFile; fileRef = 062F5CA02B83BF7700B00720 /* SpacerUI.swift */; };
		062F5CA32B865F7900B00720 /* InitializerUI.swift in Sources */ = {isa = PBXBuildFile; fileRef = 062F5CA22B865F7800B00720 /* InitializerUI.swift */; };
		062F5CA52B8B6E2800B00720 /* ForEachUI.swift in Sources */ = {isa = PBXBuildFile; fileRef = 062F5CA42B8B6E2800B00720 /* ForEachUI.swift */; };
		062F5CA72B8B7B7D00B00720 /* ScrollViewUI.swift in Sources */ = {isa = PBXBuildFile; fileRef = 062F5CA62B8B7B7D00B00720 /* ScrollViewUI.swift */; };
		062F5CA92B8B8A7300B00720 /* GridUI.swift in Sources */ = {isa = PBXBuildFile; fileRef = 062F5CA82B8B8A7300B00720 /* GridUI.swift */; };
		06E862ED2B73B547001960E0 /* ContentView.swift in Sources */ = {isa = PBXBuildFile; fileRef = 06E862EC2B73B547001960E0 /* ContentView.swift */; };
		06E862EF2B73B549001960E0 /* Assets.xcassets in Resources */ = {isa = PBXBuildFile; fileRef = 06E862EE2B73B549001960E0 /* Assets.xcassets */; };
		06E862F22B73B549001960E0 /* Preview Assets.xcassets in Resources */ = {isa = PBXBuildFile; fileRef = 06E862F12B73B549001960E0 /* Preview Assets.xcassets */; };
		06E862F92B73B784001960E0 /* TextUI.swift in Sources */ = {isa = PBXBuildFile; fileRef = 06E862F82B73B784001960E0 /* TextUI.swift */; };
		06E862FB2B74AF0D001960E0 /* Shapes.swift in Sources */ = {isa = PBXBuildFile; fileRef = 06E862FA2B74AF0D001960E0 /* Shapes.swift */; };
		06E862FD2B750243001960E0 /* Colors.swift in Sources */ = {isa = PBXBuildFile; fileRef = 06E862FC2B750243001960E0 /* Colors.swift */; };
		ED8B55AF2B95F7CA0069C604 /* SafeAriaUI.swift in Sources */ = {isa = PBXBuildFile; fileRef = ED8B55AE2B95F7CA0069C604 /* SafeAriaUI.swift */; };
		ED8B55B12B98BB140069C604 /* ButtonUI.swift in Sources */ = {isa = PBXBuildFile; fileRef = ED8B55B02B98BB140069C604 /* ButtonUI.swift */; };
		ED8B55B32B99F7420069C604 /* StateUI.swift in Sources */ = {isa = PBXBuildFile; fileRef = ED8B55B22B99F7420069C604 /* StateUI.swift */; };
		ED8B55B52B9A028C0069C604 /* ExtractedFuncrionUI.swift in Sources */ = {isa = PBXBuildFile; fileRef = ED8B55B42B9A028C0069C604 /* ExtractedFuncrionUI.swift */; };
		ED8B55B72B9B59920069C604 /* ExtractSubviewUI.swift in Sources */ = {isa = PBXBuildFile; fileRef = ED8B55B62B9B59920069C604 /* ExtractSubviewUI.swift */; };
		ED8B55B92B9BA79E0069C604 /* BindingUI.swift in Sources */ = {isa = PBXBuildFile; fileRef = ED8B55B82B9BA79E0069C604 /* BindingUI.swift */; };
		ED8B55BB2B9C56F00069C604 /* Conditional(if)UI.swift in Sources */ = {isa = PBXBuildFile; fileRef = ED8B55BA2B9C56F00069C604 /* Conditional(if)UI.swift */; };
		ED8B55BD2B9CB0640069C604 /* TernaryOperatorUI.swift in Sources */ = {isa = PBXBuildFile; fileRef = ED8B55BC2B9CB0640069C604 /* TernaryOperatorUI.swift */; };
		ED8B55BF2B9CCDE50069C604 /* AnimationUI.swift in Sources */ = {isa = PBXBuildFile; fileRef = ED8B55BE2B9CCDE50069C604 /* AnimationUI.swift */; };
		ED8B55C12B9F21280069C604 /* AnimationTimingUI.swift in Sources */ = {isa = PBXBuildFile; fileRef = ED8B55C02B9F21280069C604 /* AnimationTimingUI.swift */; };
		ED8B55C32B9F2F1C0069C604 /* TransitionUI.swift in Sources */ = {isa = PBXBuildFile; fileRef = ED8B55C22B9F2F1C0069C604 /* TransitionUI.swift */; };
		ED8B55C52B9F52790069C604 /* SheetsUI.swift in Sources */ = {isa = PBXBuildFile; fileRef = ED8B55C42B9F52790069C604 /* SheetsUI.swift */; };
		ED8B55C72BA03CE70069C604 /* PopoverUI.swift in Sources */ = {isa = PBXBuildFile; fileRef = ED8B55C62BA03CE60069C604 /* PopoverUI.swift */; };
		EDBA26D72BA4583E002D75F9 /* SwiftUIBeginApp.swift in Sources */ = {isa = PBXBuildFile; fileRef = EDBA26D62BA4583E002D75F9 /* SwiftUIBeginApp.swift */; };
		EDBA26D92BA59E51002D75F9 /* AlertsUI.swift in Sources */ = {isa = PBXBuildFile; fileRef = EDBA26D82BA59E51002D75F9 /* AlertsUI.swift */; };
		EDBA26DB2BA9C0DA002D75F9 /* ActionSheetUI.swift in Sources */ = {isa = PBXBuildFile; fileRef = EDBA26DA2BA9C0DA002D75F9 /* ActionSheetUI.swift */; };
		EDBA26DD2BAB006D002D75F9 /* ContentMenuUI.swift in Sources */ = {isa = PBXBuildFile; fileRef = EDBA26DC2BAB006D002D75F9 /* ContentMenuUI.swift */; };
		EDBA26DF2BAB1218002D75F9 /* TextfieldUI.swift in Sources */ = {isa = PBXBuildFile; fileRef = EDBA26DE2BAB1217002D75F9 /* TextfieldUI.swift */; };
		EDBA26E12BAC342F002D75F9 /* TextEditorUI.swift in Sources */ = {isa = PBXBuildFile; fileRef = EDBA26E02BAC342F002D75F9 /* TextEditorUI.swift */; };
		EDBA26E32BAC5CA1002D75F9 /* ToggleUI.swift in Sources */ = {isa = PBXBuildFile; fileRef = EDBA26E22BAC5CA1002D75F9 /* ToggleUI.swift */; };
		EDBA26E52BAC71F4002D75F9 /* PickerUI.swift in Sources */ = {isa = PBXBuildFile; fileRef = EDBA26E42BAC71F4002D75F9 /* PickerUI.swift */; };
		EDBA26E72BADC5E7002D75F9 /* ColorPickerUI.swift in Sources */ = {isa = PBXBuildFile; fileRef = EDBA26E62BADC5E7002D75F9 /* ColorPickerUI.swift */; };
		EDBA26E92BADD03A002D75F9 /* DatePickerUI.swift in Sources */ = {isa = PBXBuildFile; fileRef = EDBA26E82BADD03A002D75F9 /* DatePickerUI.swift */; };
		EDBA26EB2BAEF008002D75F9 /* StepperUI.swift in Sources */ = {isa = PBXBuildFile; fileRef = EDBA26EA2BAEF008002D75F9 /* StepperUI.swift */; };
		EDBA26ED2BAF0773002D75F9 /* SliderUI.swift in Sources */ = {isa = PBXBuildFile; fileRef = EDBA26EC2BAF0773002D75F9 /* SliderUI.swift */; };
		EDBA26EF2BB04954002D75F9 /* TabViewUI.swift in Sources */ = {isa = PBXBuildFile; fileRef = EDBA26EE2BB04954002D75F9 /* TabViewUI.swift */; };
		EDBA26F12BB1C61A002D75F9 /* DarcModeUI.swift in Sources */ = {isa = PBXBuildFile; fileRef = EDBA26F02BB1C619002D75F9 /* DarcModeUI.swift */; };
		EDBA26F32BB1D734002D75F9 /* DocumentationUI.swift in Sources */ = {isa = PBXBuildFile; fileRef = EDBA26F22BB1D734002D75F9 /* DocumentationUI.swift */; };
		EDBA26F52BB46A1D002D75F9 /* OnAppearUI.swift in Sources */ = {isa = PBXBuildFile; fileRef = EDBA26F42BB46A1D002D75F9 /* OnAppearUI.swift */; };
		EDBA26F72BB57D68002D75F9 /* IfLetGuardUI.swift in Sources */ = {isa = PBXBuildFile; fileRef = EDBA26F62BB57D68002D75F9 /* IfLetGuardUI.swift */; };
		EDE2978D2BA0A8190015C8BE /* NavigationViewUI.swift in Sources */ = {isa = PBXBuildFile; fileRef = EDE2978C2BA0A8190015C8BE /* NavigationViewUI.swift */; };
		EDE2978F2BA450ED0015C8BE /* ListUI.swift in Sources */ = {isa = PBXBuildFile; fileRef = EDE2978E2BA450EC0015C8BE /* ListUI.swift */; };
/* End PBXBuildFile section */

/* Begin PBXFileReference section */
		062F5C922B7522B600B00720 /* Gradients.swift */ = {isa = PBXFileReference; lastKnownFileType = sourcecode.swift; path = Gradients.swift; sourceTree = "<group>"; };
		062F5C942B76272A00B00720 /* Icons.swift */ = {isa = PBXFileReference; lastKnownFileType = sourcecode.swift; path = Icons.swift; sourceTree = "<group>"; };
		062F5C962B76518300B00720 /* image.swift */ = {isa = PBXFileReference; lastKnownFileType = sourcecode.swift; path = image.swift; sourceTree = "<group>"; };
		062F5C982B76709200B00720 /* Frame.swift */ = {isa = PBXFileReference; lastKnownFileType = sourcecode.swift; path = Frame.swift; sourceTree = "<group>"; };
		062F5C9A2B78E65800B00720 /* BackgroundAndOverlay.swift */ = {isa = PBXFileReference; lastKnownFileType = sourcecode.swift; path = BackgroundAndOverlay.swift; sourceTree = "<group>"; };
		062F5C9C2B82116E00B00720 /* Stacks.swift */ = {isa = PBXFileReference; lastKnownFileType = sourcecode.swift; path = Stacks.swift; sourceTree = "<group>"; };
		062F5C9E2B83AB7200B00720 /* Padding.swift */ = {isa = PBXFileReference; lastKnownFileType = sourcecode.swift; path = Padding.swift; sourceTree = "<group>"; };
		062F5CA02B83BF7700B00720 /* SpacerUI.swift */ = {isa = PBXFileReference; lastKnownFileType = sourcecode.swift; path = SpacerUI.swift; sourceTree = "<group>"; };
		062F5CA22B865F7800B00720 /* InitializerUI.swift */ = {isa = PBXFileReference; lastKnownFileType = sourcecode.swift; path = InitializerUI.swift; sourceTree = "<group>"; };
		062F5CA42B8B6E2800B00720 /* ForEachUI.swift */ = {isa = PBXFileReference; lastKnownFileType = sourcecode.swift; path = ForEachUI.swift; sourceTree = "<group>"; };
		062F5CA62B8B7B7D00B00720 /* ScrollViewUI.swift */ = {isa = PBXFileReference; lastKnownFileType = sourcecode.swift; path = ScrollViewUI.swift; sourceTree = "<group>"; };
		062F5CA82B8B8A7300B00720 /* GridUI.swift */ = {isa = PBXFileReference; lastKnownFileType = sourcecode.swift; path = GridUI.swift; sourceTree = "<group>"; };
		06E862E72B73B547001960E0 /* SwiftUIBegin.app */ = {isa = PBXFileReference; explicitFileType = wrapper.application; includeInIndex = 0; path = SwiftUIBegin.app; sourceTree = BUILT_PRODUCTS_DIR; };
		06E862EC2B73B547001960E0 /* ContentView.swift */ = {isa = PBXFileReference; lastKnownFileType = sourcecode.swift; path = ContentView.swift; sourceTree = "<group>"; };
		06E862EE2B73B549001960E0 /* Assets.xcassets */ = {isa = PBXFileReference; lastKnownFileType = folder.assetcatalog; path = Assets.xcassets; sourceTree = "<group>"; };
		06E862F12B73B549001960E0 /* Preview Assets.xcassets */ = {isa = PBXFileReference; lastKnownFileType = folder.assetcatalog; path = "Preview Assets.xcassets"; sourceTree = "<group>"; };
		06E862F82B73B784001960E0 /* TextUI.swift */ = {isa = PBXFileReference; lastKnownFileType = sourcecode.swift; path = TextUI.swift; sourceTree = "<group>"; };
		06E862FA2B74AF0D001960E0 /* Shapes.swift */ = {isa = PBXFileReference; lastKnownFileType = sourcecode.swift; path = Shapes.swift; sourceTree = "<group>"; };
		06E862FC2B750243001960E0 /* Colors.swift */ = {isa = PBXFileReference; lastKnownFileType = sourcecode.swift; path = Colors.swift; sourceTree = "<group>"; };
		ED8B55AE2B95F7CA0069C604 /* SafeAriaUI.swift */ = {isa = PBXFileReference; lastKnownFileType = sourcecode.swift; path = SafeAriaUI.swift; sourceTree = "<group>"; };
		ED8B55B02B98BB140069C604 /* ButtonUI.swift */ = {isa = PBXFileReference; lastKnownFileType = sourcecode.swift; path = ButtonUI.swift; sourceTree = "<group>"; };
		ED8B55B22B99F7420069C604 /* StateUI.swift */ = {isa = PBXFileReference; lastKnownFileType = sourcecode.swift; path = StateUI.swift; sourceTree = "<group>"; };
		ED8B55B42B9A028C0069C604 /* ExtractedFuncrionUI.swift */ = {isa = PBXFileReference; lastKnownFileType = sourcecode.swift; path = ExtractedFuncrionUI.swift; sourceTree = "<group>"; };
		ED8B55B62B9B59920069C604 /* ExtractSubviewUI.swift */ = {isa = PBXFileReference; lastKnownFileType = sourcecode.swift; path = ExtractSubviewUI.swift; sourceTree = "<group>"; };
		ED8B55B82B9BA79E0069C604 /* BindingUI.swift */ = {isa = PBXFileReference; lastKnownFileType = sourcecode.swift; path = BindingUI.swift; sourceTree = "<group>"; };
		ED8B55BA2B9C56F00069C604 /* Conditional(if)UI.swift */ = {isa = PBXFileReference; lastKnownFileType = sourcecode.swift; path = "Conditional(if)UI.swift"; sourceTree = "<group>"; };
		ED8B55BC2B9CB0640069C604 /* TernaryOperatorUI.swift */ = {isa = PBXFileReference; lastKnownFileType = sourcecode.swift; path = TernaryOperatorUI.swift; sourceTree = "<group>"; };
		ED8B55BE2B9CCDE50069C604 /* AnimationUI.swift */ = {isa = PBXFileReference; lastKnownFileType = sourcecode.swift; path = AnimationUI.swift; sourceTree = "<group>"; };
		ED8B55C02B9F21280069C604 /* AnimationTimingUI.swift */ = {isa = PBXFileReference; lastKnownFileType = sourcecode.swift; path = AnimationTimingUI.swift; sourceTree = "<group>"; };
		ED8B55C22B9F2F1C0069C604 /* TransitionUI.swift */ = {isa = PBXFileReference; lastKnownFileType = sourcecode.swift; path = TransitionUI.swift; sourceTree = "<group>"; };
		ED8B55C42B9F52790069C604 /* SheetsUI.swift */ = {isa = PBXFileReference; lastKnownFileType = sourcecode.swift; path = SheetsUI.swift; sourceTree = "<group>"; };
		ED8B55C62BA03CE60069C604 /* PopoverUI.swift */ = {isa = PBXFileReference; lastKnownFileType = sourcecode.swift; path = PopoverUI.swift; sourceTree = "<group>"; };
		EDBA26D62BA4583E002D75F9 /* SwiftUIBeginApp.swift */ = {isa = PBXFileReference; fileEncoding = 4; lastKnownFileType = sourcecode.swift; name = SwiftUIBeginApp.swift; path = ../../../../.Trash/SwiftUIBeginApp.swift; sourceTree = "<group>"; };
		EDBA26D82BA59E51002D75F9 /* AlertsUI.swift */ = {isa = PBXFileReference; lastKnownFileType = sourcecode.swift; path = AlertsUI.swift; sourceTree = "<group>"; };
		EDBA26DA2BA9C0DA002D75F9 /* ActionSheetUI.swift */ = {isa = PBXFileReference; lastKnownFileType = sourcecode.swift; path = ActionSheetUI.swift; sourceTree = "<group>"; tabWidth = 4; };
		EDBA26DC2BAB006D002D75F9 /* ContentMenuUI.swift */ = {isa = PBXFileReference; lastKnownFileType = sourcecode.swift; path = ContentMenuUI.swift; sourceTree = "<group>"; };
		EDBA26DE2BAB1217002D75F9 /* TextfieldUI.swift */ = {isa = PBXFileReference; lastKnownFileType = sourcecode.swift; path = TextfieldUI.swift; sourceTree = "<group>"; };
		EDBA26E02BAC342F002D75F9 /* TextEditorUI.swift */ = {isa = PBXFileReference; lastKnownFileType = sourcecode.swift; path = TextEditorUI.swift; sourceTree = "<group>"; };
		EDBA26E22BAC5CA1002D75F9 /* ToggleUI.swift */ = {isa = PBXFileReference; lastKnownFileType = sourcecode.swift; path = ToggleUI.swift; sourceTree = "<group>"; };
		EDBA26E42BAC71F4002D75F9 /* PickerUI.swift */ = {isa = PBXFileReference; lastKnownFileType = sourcecode.swift; path = PickerUI.swift; sourceTree = "<group>"; };
		EDBA26E62BADC5E7002D75F9 /* ColorPickerUI.swift */ = {isa = PBXFileReference; lastKnownFileType = sourcecode.swift; path = ColorPickerUI.swift; sourceTree = "<group>"; };
		EDBA26E82BADD03A002D75F9 /* DatePickerUI.swift */ = {isa = PBXFileReference; lastKnownFileType = sourcecode.swift; path = DatePickerUI.swift; sourceTree = "<group>"; };
		EDBA26EA2BAEF008002D75F9 /* StepperUI.swift */ = {isa = PBXFileReference; lastKnownFileType = sourcecode.swift; path = StepperUI.swift; sourceTree = "<group>"; };
		EDBA26EC2BAF0773002D75F9 /* SliderUI.swift */ = {isa = PBXFileReference; lastKnownFileType = sourcecode.swift; path = SliderUI.swift; sourceTree = "<group>"; };
		EDBA26EE2BB04954002D75F9 /* TabViewUI.swift */ = {isa = PBXFileReference; lastKnownFileType = sourcecode.swift; path = TabViewUI.swift; sourceTree = "<group>"; };
		EDBA26F02BB1C619002D75F9 /* DarcModeUI.swift */ = {isa = PBXFileReference; lastKnownFileType = sourcecode.swift; path = DarcModeUI.swift; sourceTree = "<group>"; };
		EDBA26F22BB1D734002D75F9 /* DocumentationUI.swift */ = {isa = PBXFileReference; lastKnownFileType = sourcecode.swift; path = DocumentationUI.swift; sourceTree = "<group>"; };
		EDBA26F42BB46A1D002D75F9 /* OnAppearUI.swift */ = {isa = PBXFileReference; lastKnownFileType = sourcecode.swift; path = OnAppearUI.swift; sourceTree = "<group>"; };
		EDBA26F62BB57D68002D75F9 /* IfLetGuardUI.swift */ = {isa = PBXFileReference; lastKnownFileType = sourcecode.swift; path = IfLetGuardUI.swift; sourceTree = "<group>"; };
		EDE2978C2BA0A8190015C8BE /* NavigationViewUI.swift */ = {isa = PBXFileReference; lastKnownFileType = sourcecode.swift; path = NavigationViewUI.swift; sourceTree = "<group>"; };
		EDE2978E2BA450EC0015C8BE /* ListUI.swift */ = {isa = PBXFileReference; lastKnownFileType = sourcecode.swift; path = ListUI.swift; sourceTree = "<group>"; };
/* End PBXFileReference section */

/* Begin PBXFrameworksBuildPhase section */
		06E862E42B73B547001960E0 /* Frameworks */ = {
			isa = PBXFrameworksBuildPhase;
			buildActionMask = 2147483647;
			files = (
			);
			runOnlyForDeploymentPostprocessing = 0;
		};
/* End PBXFrameworksBuildPhase section */

/* Begin PBXGroup section */
		06E862DE2B73B547001960E0 = {
			isa = PBXGroup;
			children = (
				06E862E92B73B547001960E0 /* SwiftUIBegin */,
				06E862E82B73B547001960E0 /* Products */,
			);
			sourceTree = "<group>";
		};
		06E862E82B73B547001960E0 /* Products */ = {
			isa = PBXGroup;
			children = (
				06E862E72B73B547001960E0 /* SwiftUIBegin.app */,
			);
			name = Products;
			sourceTree = "<group>";
		};
		06E862E92B73B547001960E0 /* SwiftUIBegin */ = {
			isa = PBXGroup;
			children = (
				EDBA26D62BA4583E002D75F9 /* SwiftUIBeginApp.swift */,
				06E862EC2B73B547001960E0 /* ContentView.swift */,
				06E862F82B73B784001960E0 /* TextUI.swift */,
				06E862FA2B74AF0D001960E0 /* Shapes.swift */,
				06E862FC2B750243001960E0 /* Colors.swift */,
				062F5C922B7522B600B00720 /* Gradients.swift */,
				062F5C942B76272A00B00720 /* Icons.swift */,
				062F5C962B76518300B00720 /* image.swift */,
				062F5C982B76709200B00720 /* Frame.swift */,
				062F5C9A2B78E65800B00720 /* BackgroundAndOverlay.swift */,
				062F5C9C2B82116E00B00720 /* Stacks.swift */,
				062F5C9E2B83AB7200B00720 /* Padding.swift */,
				062F5CA02B83BF7700B00720 /* SpacerUI.swift */,
				062F5CA22B865F7800B00720 /* InitializerUI.swift */,
				062F5CA42B8B6E2800B00720 /* ForEachUI.swift */,
				062F5CA62B8B7B7D00B00720 /* ScrollViewUI.swift */,
				062F5CA82B8B8A7300B00720 /* GridUI.swift */,
				ED8B55AE2B95F7CA0069C604 /* SafeAriaUI.swift */,
				ED8B55B02B98BB140069C604 /* ButtonUI.swift */,
				ED8B55B22B99F7420069C604 /* StateUI.swift */,
				ED8B55B42B9A028C0069C604 /* ExtractedFuncrionUI.swift */,
				ED8B55B62B9B59920069C604 /* ExtractSubviewUI.swift */,
				ED8B55B82B9BA79E0069C604 /* BindingUI.swift */,
				ED8B55BA2B9C56F00069C604 /* Conditional(if)UI.swift */,
				ED8B55BC2B9CB0640069C604 /* TernaryOperatorUI.swift */,
				ED8B55BE2B9CCDE50069C604 /* AnimationUI.swift */,
				ED8B55C02B9F21280069C604 /* AnimationTimingUI.swift */,
				ED8B55C22B9F2F1C0069C604 /* TransitionUI.swift */,
				ED8B55C42B9F52790069C604 /* SheetsUI.swift */,
				ED8B55C62BA03CE60069C604 /* PopoverUI.swift */,
				EDE2978C2BA0A8190015C8BE /* NavigationViewUI.swift */,
				EDE2978E2BA450EC0015C8BE /* ListUI.swift */,
				EDBA26D82BA59E51002D75F9 /* AlertsUI.swift */,
				EDBA26DA2BA9C0DA002D75F9 /* ActionSheetUI.swift */,
				EDBA26DC2BAB006D002D75F9 /* ContentMenuUI.swift */,
				EDBA26DE2BAB1217002D75F9 /* TextfieldUI.swift */,
				EDBA26E02BAC342F002D75F9 /* TextEditorUI.swift */,
				EDBA26E22BAC5CA1002D75F9 /* ToggleUI.swift */,
				EDBA26E42BAC71F4002D75F9 /* PickerUI.swift */,
				EDBA26E62BADC5E7002D75F9 /* ColorPickerUI.swift */,
				EDBA26E82BADD03A002D75F9 /* DatePickerUI.swift */,
				EDBA26EA2BAEF008002D75F9 /* StepperUI.swift */,
				EDBA26EC2BAF0773002D75F9 /* SliderUI.swift */,
				EDBA26EE2BB04954002D75F9 /* TabViewUI.swift */,
				EDBA26F02BB1C619002D75F9 /* DarcModeUI.swift */,
				EDBA26F22BB1D734002D75F9 /* DocumentationUI.swift */,
				EDBA26F42BB46A1D002D75F9 /* OnAppearUI.swift */,
				EDBA26F62BB57D68002D75F9 /* IfLetGuardUI.swift */,
				06E862EE2B73B549001960E0 /* Assets.xcassets */,
				06E862F02B73B549001960E0 /* Preview Content */,
			);
			path = SwiftUIBegin;
			sourceTree = "<group>";
		};
		06E862F02B73B549001960E0 /* Preview Content */ = {
			isa = PBXGroup;
			children = (
				06E862F12B73B549001960E0 /* Preview Assets.xcassets */,
			);
			path = "Preview Content";
			sourceTree = "<group>";
		};
/* End PBXGroup section */

/* Begin PBXNativeTarget section */
		06E862E62B73B547001960E0 /* SwiftUIBegin */ = {
			isa = PBXNativeTarget;
			buildConfigurationList = 06E862F52B73B549001960E0 /* Build configuration list for PBXNativeTarget "SwiftUIBegin" */;
			buildPhases = (
				06E862E32B73B547001960E0 /* Sources */,
				06E862E42B73B547001960E0 /* Frameworks */,
				06E862E52B73B547001960E0 /* Resources */,
			);
			buildRules = (
			);
			dependencies = (
			);
			name = SwiftUIBegin;
			productName = SwiftUIBegin;
			productReference = 06E862E72B73B547001960E0 /* SwiftUIBegin.app */;
			productType = "com.apple.product-type.application";
		};
/* End PBXNativeTarget section */

/* Begin PBXProject section */
		06E862DF2B73B547001960E0 /* Project object */ = {
			isa = PBXProject;
			attributes = {
				BuildIndependentTargetsInParallel = 1;
				LastSwiftUpdateCheck = 1420;
				LastUpgradeCheck = 1420;
				TargetAttributes = {
					06E862E62B73B547001960E0 = {
						CreatedOnToolsVersion = 14.2;
					};
				};
			};
			buildConfigurationList = 06E862E22B73B547001960E0 /* Build configuration list for PBXProject "SwiftUIBegin" */;
			compatibilityVersion = "Xcode 14.0";
			developmentRegion = en;
			hasScannedForEncodings = 0;
			knownRegions = (
				en,
				Base,
			);
			mainGroup = 06E862DE2B73B547001960E0;
			productRefGroup = 06E862E82B73B547001960E0 /* Products */;
			projectDirPath = "";
			projectRoot = "";
			targets = (
				06E862E62B73B547001960E0 /* SwiftUIBegin */,
			);
		};
/* End PBXProject section */

/* Begin PBXResourcesBuildPhase section */
		06E862E52B73B547001960E0 /* Resources */ = {
			isa = PBXResourcesBuildPhase;
			buildActionMask = 2147483647;
			files = (
				06E862F22B73B549001960E0 /* Preview Assets.xcassets in Resources */,
				06E862EF2B73B549001960E0 /* Assets.xcassets in Resources */,
			);
			runOnlyForDeploymentPostprocessing = 0;
		};
/* End PBXResourcesBuildPhase section */

/* Begin PBXSourcesBuildPhase section */
		06E862E32B73B547001960E0 /* Sources */ = {
			isa = PBXSourcesBuildPhase;
			buildActionMask = 2147483647;
			files = (
				062F5C992B76709200B00720 /* Frame.swift in Sources */,
				EDBA26E72BADC5E7002D75F9 /* ColorPickerUI.swift in Sources */,
				EDBA26D72BA4583E002D75F9 /* SwiftUIBeginApp.swift in Sources */,
				EDBA26DD2BAB006D002D75F9 /* ContentMenuUI.swift in Sources */,
				EDE2978F2BA450ED0015C8BE /* ListUI.swift in Sources */,
				062F5CA52B8B6E2800B00720 /* ForEachUI.swift in Sources */,
				EDBA26F52BB46A1D002D75F9 /* OnAppearUI.swift in Sources */,
				EDBA26F12BB1C61A002D75F9 /* DarcModeUI.swift in Sources */,
				ED8B55C32B9F2F1C0069C604 /* TransitionUI.swift in Sources */,
				ED8B55C12B9F21280069C604 /* AnimationTimingUI.swift in Sources */,
				ED8B55C52B9F52790069C604 /* SheetsUI.swift in Sources */,
				062F5C952B76272A00B00720 /* Icons.swift in Sources */,
				062F5CA32B865F7900B00720 /* InitializerUI.swift in Sources */,
				062F5C9D2B82116E00B00720 /* Stacks.swift in Sources */,
				ED8B55AF2B95F7CA0069C604 /* SafeAriaUI.swift in Sources */,
				ED8B55BD2B9CB0640069C604 /* TernaryOperatorUI.swift in Sources */,
				062F5CA72B8B7B7D00B00720 /* ScrollViewUI.swift in Sources */,
				EDBA26E92BADD03A002D75F9 /* DatePickerUI.swift in Sources */,
				EDBA26D92BA59E51002D75F9 /* AlertsUI.swift in Sources */,
				ED8B55B32B99F7420069C604 /* StateUI.swift in Sources */,
				062F5CA12B83BF7700B00720 /* SpacerUI.swift in Sources */,
				ED8B55B12B98BB140069C604 /* ButtonUI.swift in Sources */,
				062F5C972B76518300B00720 /* image.swift in Sources */,
				EDBA26E52BAC71F4002D75F9 /* PickerUI.swift in Sources */,
				06E862ED2B73B547001960E0 /* ContentView.swift in Sources */,
				EDBA26F32BB1D734002D75F9 /* DocumentationUI.swift in Sources */,
				ED8B55B92B9BA79E0069C604 /* BindingUI.swift in Sources */,
				062F5C9B2B78E65800B00720 /* BackgroundAndOverlay.swift in Sources */,
				EDE2978D2BA0A8190015C8BE /* NavigationViewUI.swift in Sources */,
				06E862FD2B750243001960E0 /* Colors.swift in Sources */,
				ED8B55B52B9A028C0069C604 /* ExtractedFuncrionUI.swift in Sources */,
				06E862FB2B74AF0D001960E0 /* Shapes.swift in Sources */,
				EDBA26EB2BAEF008002D75F9 /* StepperUI.swift in Sources */,
				EDBA26E12BAC342F002D75F9 /* TextEditorUI.swift in Sources */,
				EDBA26F72BB57D68002D75F9 /* IfLetGuardUI.swift in Sources */,
				06E862F92B73B784001960E0 /* TextUI.swift in Sources */,
				EDBA26ED2BAF0773002D75F9 /* SliderUI.swift in Sources */,
				062F5C9F2B83AB7300B00720 /* Padding.swift in Sources */,
				EDBA26DB2BA9C0DA002D75F9 /* ActionSheetUI.swift in Sources */,
				ED8B55C72BA03CE70069C604 /* PopoverUI.swift in Sources */,
				EDBA26E32BAC5CA1002D75F9 /* ToggleUI.swift in Sources */,
				ED8B55BB2B9C56F00069C604 /* Conditional(if)UI.swift in Sources */,
				EDBA26EF2BB04954002D75F9 /* TabViewUI.swift in Sources */,
				ED8B55BF2B9CCDE50069C604 /* AnimationUI.swift in Sources */,
				ED8B55B72B9B59920069C604 /* ExtractSubviewUI.swift in Sources */,
				062F5C932B7522B600B00720 /* Gradients.swift in Sources */,
				062F5CA92B8B8A7300B00720 /* GridUI.swift in Sources */,
				EDBA26DF2BAB1218002D75F9 /* TextfieldUI.swift in Sources */,
			);
			runOnlyForDeploymentPostprocessing = 0;
		};
/* End PBXSourcesBuildPhase section */

/* Begin XCBuildConfiguration section */
		06E862F32B73B549001960E0 /* Debug */ = {
			isa = XCBuildConfiguration;
			buildSettings = {
				ALWAYS_SEARCH_USER_PATHS = NO;
				CLANG_ANALYZER_NONNULL = YES;
				CLANG_ANALYZER_NUMBER_OBJECT_CONVERSION = YES_AGGRESSIVE;
				CLANG_CXX_LANGUAGE_STANDARD = "gnu++20";
				CLANG_ENABLE_MODULES = YES;
				CLANG_ENABLE_OBJC_ARC = YES;
				CLANG_ENABLE_OBJC_WEAK = YES;
				CLANG_WARN_BLOCK_CAPTURE_AUTORELEASING = YES;
				CLANG_WARN_BOOL_CONVERSION = YES;
				CLANG_WARN_COMMA = YES;
				CLANG_WARN_CONSTANT_CONVERSION = YES;
				CLANG_WARN_DEPRECATED_OBJC_IMPLEMENTATIONS = YES;
				CLANG_WARN_DIRECT_OBJC_ISA_USAGE = YES_ERROR;
				CLANG_WARN_DOCUMENTATION_COMMENTS = YES;
				CLANG_WARN_EMPTY_BODY = YES;
				CLANG_WARN_ENUM_CONVERSION = YES;
				CLANG_WARN_INFINITE_RECURSION = YES;
				CLANG_WARN_INT_CONVERSION = YES;
				CLANG_WARN_NON_LITERAL_NULL_CONVERSION = YES;
				CLANG_WARN_OBJC_IMPLICIT_RETAIN_SELF = YES;
				CLANG_WARN_OBJC_LITERAL_CONVERSION = YES;
				CLANG_WARN_OBJC_ROOT_CLASS = YES_ERROR;
				CLANG_WARN_QUOTED_INCLUDE_IN_FRAMEWORK_HEADER = YES;
				CLANG_WARN_RANGE_LOOP_ANALYSIS = YES;
				CLANG_WARN_STRICT_PROTOTYPES = YES;
				CLANG_WARN_SUSPICIOUS_MOVE = YES;
				CLANG_WARN_UNGUARDED_AVAILABILITY = YES_AGGRESSIVE;
				CLANG_WARN_UNREACHABLE_CODE = YES;
				CLANG_WARN__DUPLICATE_METHOD_MATCH = YES;
				COPY_PHASE_STRIP = NO;
				DEBUG_INFORMATION_FORMAT = dwarf;
				ENABLE_STRICT_OBJC_MSGSEND = YES;
				ENABLE_TESTABILITY = YES;
				GCC_C_LANGUAGE_STANDARD = gnu11;
				GCC_DYNAMIC_NO_PIC = NO;
				GCC_NO_COMMON_BLOCKS = YES;
				GCC_OPTIMIZATION_LEVEL = 0;
				GCC_PREPROCESSOR_DEFINITIONS = (
					"DEBUG=1",
					"$(inherited)",
				);
				GCC_WARN_64_TO_32_BIT_CONVERSION = YES;
				GCC_WARN_ABOUT_RETURN_TYPE = YES_ERROR;
				GCC_WARN_UNDECLARED_SELECTOR = YES;
				GCC_WARN_UNINITIALIZED_AUTOS = YES_AGGRESSIVE;
				GCC_WARN_UNUSED_FUNCTION = YES;
				GCC_WARN_UNUSED_VARIABLE = YES;
				IPHONEOS_DEPLOYMENT_TARGET = 16.2;
				MTL_ENABLE_DEBUG_INFO = INCLUDE_SOURCE;
				MTL_FAST_MATH = YES;
				ONLY_ACTIVE_ARCH = YES;
				SDKROOT = iphoneos;
				SWIFT_ACTIVE_COMPILATION_CONDITIONS = DEBUG;
				SWIFT_OPTIMIZATION_LEVEL = "-Onone";
			};
			name = Debug;
		};
		06E862F42B73B549001960E0 /* Release */ = {
			isa = XCBuildConfiguration;
			buildSettings = {
				ALWAYS_SEARCH_USER_PATHS = NO;
				CLANG_ANALYZER_NONNULL = YES;
				CLANG_ANALYZER_NUMBER_OBJECT_CONVERSION = YES_AGGRESSIVE;
				CLANG_CXX_LANGUAGE_STANDARD = "gnu++20";
				CLANG_ENABLE_MODULES = YES;
				CLANG_ENABLE_OBJC_ARC = YES;
				CLANG_ENABLE_OBJC_WEAK = YES;
				CLANG_WARN_BLOCK_CAPTURE_AUTORELEASING = YES;
				CLANG_WARN_BOOL_CONVERSION = YES;
				CLANG_WARN_COMMA = YES;
				CLANG_WARN_CONSTANT_CONVERSION = YES;
				CLANG_WARN_DEPRECATED_OBJC_IMPLEMENTATIONS = YES;
				CLANG_WARN_DIRECT_OBJC_ISA_USAGE = YES_ERROR;
				CLANG_WARN_DOCUMENTATION_COMMENTS = YES;
				CLANG_WARN_EMPTY_BODY = YES;
				CLANG_WARN_ENUM_CONVERSION = YES;
				CLANG_WARN_INFINITE_RECURSION = YES;
				CLANG_WARN_INT_CONVERSION = YES;
				CLANG_WARN_NON_LITERAL_NULL_CONVERSION = YES;
				CLANG_WARN_OBJC_IMPLICIT_RETAIN_SELF = YES;
				CLANG_WARN_OBJC_LITERAL_CONVERSION = YES;
				CLANG_WARN_OBJC_ROOT_CLASS = YES_ERROR;
				CLANG_WARN_QUOTED_INCLUDE_IN_FRAMEWORK_HEADER = YES;
				CLANG_WARN_RANGE_LOOP_ANALYSIS = YES;
				CLANG_WARN_STRICT_PROTOTYPES = YES;
				CLANG_WARN_SUSPICIOUS_MOVE = YES;
				CLANG_WARN_UNGUARDED_AVAILABILITY = YES_AGGRESSIVE;
				CLANG_WARN_UNREACHABLE_CODE = YES;
				CLANG_WARN__DUPLICATE_METHOD_MATCH = YES;
				COPY_PHASE_STRIP = NO;
				DEBUG_INFORMATION_FORMAT = "dwarf-with-dsym";
				ENABLE_NS_ASSERTIONS = NO;
				ENABLE_STRICT_OBJC_MSGSEND = YES;
				GCC_C_LANGUAGE_STANDARD = gnu11;
				GCC_NO_COMMON_BLOCKS = YES;
				GCC_WARN_64_TO_32_BIT_CONVERSION = YES;
				GCC_WARN_ABOUT_RETURN_TYPE = YES_ERROR;
				GCC_WARN_UNDECLARED_SELECTOR = YES;
				GCC_WARN_UNINITIALIZED_AUTOS = YES_AGGRESSIVE;
				GCC_WARN_UNUSED_FUNCTION = YES;
				GCC_WARN_UNUSED_VARIABLE = YES;
				IPHONEOS_DEPLOYMENT_TARGET = 16.2;
				MTL_ENABLE_DEBUG_INFO = NO;
				MTL_FAST_MATH = YES;
				SDKROOT = iphoneos;
				SWIFT_COMPILATION_MODE = wholemodule;
				SWIFT_OPTIMIZATION_LEVEL = "-O";
				VALIDATE_PRODUCT = YES;
			};
			name = Release;
		};
		06E862F62B73B549001960E0 /* Debug */ = {
			isa = XCBuildConfiguration;
			buildSettings = {
				ASSETCATALOG_COMPILER_APPICON_NAME = AppIcon;
				ASSETCATALOG_COMPILER_GLOBAL_ACCENT_COLOR_NAME = AccentColor;
				CODE_SIGN_STYLE = Automatic;
				CURRENT_PROJECT_VERSION = 1;
				DEVELOPMENT_ASSET_PATHS = "\"SwiftUIBegin/Preview Content\"";
				ENABLE_PREVIEWS = YES;
				GENERATE_INFOPLIST_FILE = YES;
				INFOPLIST_KEY_UIApplicationSceneManifest_Generation = YES;
				INFOPLIST_KEY_UIApplicationSupportsIndirectInputEvents = YES;
				INFOPLIST_KEY_UILaunchScreen_Generation = YES;
				INFOPLIST_KEY_UISupportedInterfaceOrientations_iPad = "UIInterfaceOrientationPortrait UIInterfaceOrientationPortraitUpsideDown UIInterfaceOrientationLandscapeLeft UIInterfaceOrientationLandscapeRight";
				INFOPLIST_KEY_UISupportedInterfaceOrientations_iPhone = "UIInterfaceOrientationPortrait UIInterfaceOrientationLandscapeLeft UIInterfaceOrientationLandscapeRight";
				LD_RUNPATH_SEARCH_PATHS = (
					"$(inherited)",
					"@executable_path/Frameworks",
				);
				MARKETING_VERSION = 1.0;
				PRODUCT_BUNDLE_IDENTIFIER = p.SwiftUIBegin;
				PRODUCT_NAME = "$(TARGET_NAME)";
				SWIFT_EMIT_LOC_STRINGS = YES;
				SWIFT_VERSION = 5.0;
				TARGETED_DEVICE_FAMILY = "1,2";
			};
			name = Debug;
		};
		06E862F72B73B549001960E0 /* Release */ = {
			isa = XCBuildConfiguration;
			buildSettings = {
				ASSETCATALOG_COMPILER_APPICON_NAME = AppIcon;
				ASSETCATALOG_COMPILER_GLOBAL_ACCENT_COLOR_NAME = AccentColor;
				CODE_SIGN_STYLE = Automatic;
				CURRENT_PROJECT_VERSION = 1;
				DEVELOPMENT_ASSET_PATHS = "\"SwiftUIBegin/Preview Content\"";
				ENABLE_PREVIEWS = YES;
				GENERATE_INFOPLIST_FILE = YES;
				INFOPLIST_KEY_UIApplicationSceneManifest_Generation = YES;
				INFOPLIST_KEY_UIApplicationSupportsIndirectInputEvents = YES;
				INFOPLIST_KEY_UILaunchScreen_Generation = YES;
				INFOPLIST_KEY_UISupportedInterfaceOrientations_iPad = "UIInterfaceOrientationPortrait UIInterfaceOrientationPortraitUpsideDown UIInterfaceOrientationLandscapeLeft UIInterfaceOrientationLandscapeRight";
				INFOPLIST_KEY_UISupportedInterfaceOrientations_iPhone = "UIInterfaceOrientationPortrait UIInterfaceOrientationLandscapeLeft UIInterfaceOrientationLandscapeRight";
				LD_RUNPATH_SEARCH_PATHS = (
					"$(inherited)",
					"@executable_path/Frameworks",
				);
				MARKETING_VERSION = 1.0;
				PRODUCT_BUNDLE_IDENTIFIER = p.SwiftUIBegin;
				PRODUCT_NAME = "$(TARGET_NAME)";
				SWIFT_EMIT_LOC_STRINGS = YES;
				SWIFT_VERSION = 5.0;
				TARGETED_DEVICE_FAMILY = "1,2";
			};
			name = Release;
		};
/* End XCBuildConfiguration section */

/* Begin XCConfigurationList section */
		06E862E22B73B547001960E0 /* Build configuration list for PBXProject "SwiftUIBegin" */ = {
			isa = XCConfigurationList;
			buildConfigurations = (
				06E862F32B73B549001960E0 /* Debug */,
				06E862F42B73B549001960E0 /* Release */,
			);
			defaultConfigurationIsVisible = 0;
			defaultConfigurationName = Release;
		};
		06E862F52B73B549001960E0 /* Build configuration list for PBXNativeTarget "SwiftUIBegin" */ = {
			isa = XCConfigurationList;
			buildConfigurations = (
				06E862F62B73B549001960E0 /* Debug */,
				06E862F72B73B549001960E0 /* Release */,
			);
			defaultConfigurationIsVisible = 0;
			defaultConfigurationName = Release;
		};
/* End XCConfigurationList section */
	};
	rootObject = 06E862DF2B73B547001960E0 /* Project object */;
}
